
Microsoft Visual Studio Solution File, Format Version 12.00
# Visual Studio Version 17
VisualStudioVersion = 17.3.32922.545
MinimumVisualStudioVersion = 10.0.40219.1
Project("{FAE04EC0-301F-11D3-BF4B-00C04F79EFBC}") = "StackAndQueue", "StackAndQueue.csproj", "{ADA05935-9194-4C0E-81B5-F3DAF43C4724}"
EndProject
Global
	GlobalSection(SolutionConfigurationPlatforms) = preSolution
		Debug|Any CPU = Debug|Any CPU
		Release|Any CPU = Release|Any CPU
	EndGlobalSection
	GlobalSection(ProjectConfigurationPlatforms) = postSolution
		{ADA05935-9194-4C0E-81B5-F3DAF43C4724}.Debug|Any CPU.ActiveCfg = Debug|Any CPU
		{ADA05935-9194-4C0E-81B5-F3DAF43C4724}.Debug|Any CPU.Build.0 = Debug|Any CPU
		{ADA05935-9194-4C0E-81B5-F3DAF43C4724}.Release|Any CPU.ActiveCfg = Release|Any CPU
		{ADA05935-9194-4C0E-81B5-F3DAF43C4724}.Release|Any CPU.Build.0 = Release|Any CPU
	EndGlobalSection
	GlobalSection(SolutionProperties) = preSolution
		HideSolutionNode = FALSE
	EndGlobalSection
	GlobalSection(ExtensibilityGlobals) = postSolution
		SolutionGuid = {601A2676-ACD1-4BB5-8B63-B2ECAFC2BF2F}
	EndGlobalSection
EndGlobal
